// !$*UTF8*$!
{
	archiveVersion = 1;
	classes = {
	};
	objectVersion = 56;
	objects = {

/* Begin PBXBuildFile section */
		488247482BC4570B003AD5F3 /* Extension + SpeedViewController.swift in Sources */ = {isa = PBXBuildFile; fileRef = 488247472BC4570B003AD5F3 /* Extension + SpeedViewController.swift */; };
		48BAC4FA2BC2E42D00B50D4D /* SettingsViewController.swift in Sources */ = {isa = PBXBuildFile; fileRef = 48BAC4F92BC2E42D00B50D4D /* SettingsViewController.swift */; };
		48BAC4FD2BC311E000B50D4D /* Alamofire in Frameworks */ = {isa = PBXBuildFile; productRef = 48BAC4FC2BC311E000B50D4D /* Alamofire */; };
		48BAC4FF2BC311E000B50D4D /* AlamofireDynamic in Frameworks */ = {isa = PBXBuildFile; productRef = 48BAC4FE2BC311E000B50D4D /* AlamofireDynamic */; };
		48BAC5022BC3164200B50D4D /* NetworkManager.swift in Sources */ = {isa = PBXBuildFile; fileRef = 48BAC5012BC3164200B50D4D /* NetworkManager.swift */; };
		48FEBAC52BBF2B2D00FEB64C /* AppDelegate.swift in Sources */ = {isa = PBXBuildFile; fileRef = 48FEBAC42BBF2B2D00FEB64C /* AppDelegate.swift */; };
		48FEBAC72BBF2B2D00FEB64C /* SceneDelegate.swift in Sources */ = {isa = PBXBuildFile; fileRef = 48FEBAC62BBF2B2D00FEB64C /* SceneDelegate.swift */; };
		48FEBAC92BBF2B2D00FEB64C /* SpeedViewController.swift in Sources */ = {isa = PBXBuildFile; fileRef = 48FEBAC82BBF2B2D00FEB64C /* SpeedViewController.swift */; };
		48FEBACC2BBF2B2D00FEB64C /* Main.storyboard in Resources */ = {isa = PBXBuildFile; fileRef = 48FEBACA2BBF2B2D00FEB64C /* Main.storyboard */; };
		48FEBACE2BBF2B2F00FEB64C /* Assets.xcassets in Resources */ = {isa = PBXBuildFile; fileRef = 48FEBACD2BBF2B2F00FEB64C /* Assets.xcassets */; };
		48FEBAD12BBF2B2F00FEB64C /* LaunchScreen.storyboard in Resources */ = {isa = PBXBuildFile; fileRef = 48FEBACF2BBF2B2F00FEB64C /* LaunchScreen.storyboard */; };
		48FEBADD2BBF2F7500FEB64C /* RoundButton.swift in Sources */ = {isa = PBXBuildFile; fileRef = 48FEBADC2BBF2F7500FEB64C /* RoundButton.swift */; };
/* End PBXBuildFile section */

/* Begin PBXFileReference section */
		488247472BC4570B003AD5F3 /* Extension + SpeedViewController.swift */ = {isa = PBXFileReference; lastKnownFileType = sourcecode.swift; path = "Extension + SpeedViewController.swift"; sourceTree = "<group>"; };
		48BAC4F92BC2E42D00B50D4D /* SettingsViewController.swift */ = {isa = PBXFileReference; lastKnownFileType = sourcecode.swift; path = SettingsViewController.swift; sourceTree = "<group>"; };
		48BAC5012BC3164200B50D4D /* NetworkManager.swift */ = {isa = PBXFileReference; lastKnownFileType = sourcecode.swift; path = NetworkManager.swift; sourceTree = "<group>"; };
		48FEBAC12BBF2B2D00FEB64C /* SpeedTestApp.app */ = {isa = PBXFileReference; explicitFileType = wrapper.application; includeInIndex = 0; path = SpeedTestApp.app; sourceTree = BUILT_PRODUCTS_DIR; };
		48FEBAC42BBF2B2D00FEB64C /* AppDelegate.swift */ = {isa = PBXFileReference; lastKnownFileType = sourcecode.swift; path = AppDelegate.swift; sourceTree = "<group>"; };
		48FEBAC62BBF2B2D00FEB64C /* SceneDelegate.swift */ = {isa = PBXFileReference; lastKnownFileType = sourcecode.swift; path = SceneDelegate.swift; sourceTree = "<group>"; };
		48FEBAC82BBF2B2D00FEB64C /* SpeedViewController.swift */ = {isa = PBXFileReference; lastKnownFileType = sourcecode.swift; path = SpeedViewController.swift; sourceTree = "<group>"; };
		48FEBACB2BBF2B2D00FEB64C /* Base */ = {isa = PBXFileReference; lastKnownFileType = file.storyboard; name = Base; path = Base.lproj/Main.storyboard; sourceTree = "<group>"; };
		48FEBACD2BBF2B2F00FEB64C /* Assets.xcassets */ = {isa = PBXFileReference; lastKnownFileType = folder.assetcatalog; path = Assets.xcassets; sourceTree = "<group>"; };
		48FEBAD02BBF2B2F00FEB64C /* Base */ = {isa = PBXFileReference; lastKnownFileType = file.storyboard; name = Base; path = Base.lproj/LaunchScreen.storyboard; sourceTree = "<group>"; };
		48FEBAD22BBF2B2F00FEB64C /* Info.plist */ = {isa = PBXFileReference; lastKnownFileType = text.plist.xml; path = Info.plist; sourceTree = "<group>"; };
		48FEBADC2BBF2F7500FEB64C /* RoundButton.swift */ = {isa = PBXFileReference; lastKnownFileType = sourcecode.swift; path = RoundButton.swift; sourceTree = "<group>"; };
/* End PBXFileReference section */

/* Begin PBXFrameworksBuildPhase section */
		48FEBABE2BBF2B2D00FEB64C /* Frameworks */ = {
			isa = PBXFrameworksBuildPhase;
			buildActionMask = 2147483647;
			files = (
				48BAC4FD2BC311E000B50D4D /* Alamofire in Frameworks */,
				48BAC4FF2BC311E000B50D4D /* AlamofireDynamic in Frameworks */,
			);
			runOnlyForDeploymentPostprocessing = 0;
		};
/* End PBXFrameworksBuildPhase section */

/* Begin PBXGroup section */
		488247462BC456D1003AD5F3 /* Extensions */ = {
			isa = PBXGroup;
			children = (
				488247472BC4570B003AD5F3 /* Extension + SpeedViewController.swift */,
			);
			path = Extensions;
			sourceTree = "<group>";
		};
		48BAC5002BC315CF00B50D4D /* Services */ = {
			isa = PBXGroup;
			children = (
				48BAC5012BC3164200B50D4D /* NetworkManager.swift */,
			);
			path = Services;
			sourceTree = "<group>";
		};
		48FEBAB82BBF2B2D00FEB64C = {
			isa = PBXGroup;
			children = (
				48FEBAC32BBF2B2D00FEB64C /* SpeedTestApp */,
				48FEBAC22BBF2B2D00FEB64C /* Products */,
			);
			sourceTree = "<group>";
		};
		48FEBAC22BBF2B2D00FEB64C /* Products */ = {
			isa = PBXGroup;
			children = (
				48FEBAC12BBF2B2D00FEB64C /* SpeedTestApp.app */,
			);
			name = Products;
			sourceTree = "<group>";
		};
		48FEBAC32BBF2B2D00FEB64C /* SpeedTestApp */ = {
			isa = PBXGroup;
			children = (
				48FEBADB2BBF2F4900FEB64C /* Views */,
				48FEBAD92BBF2BC900FEB64C /* ViewControllers */,
				488247462BC456D1003AD5F3 /* Extensions */,
				48BAC5002BC315CF00B50D4D /* Services */,
				48FEBADA2BBF2BD900FEB64C /* Storyboards */,
				48FEBAD82BBF2BC200FEB64C /* App */,
				48FEBACD2BBF2B2F00FEB64C /* Assets.xcassets */,
			);
			path = SpeedTestApp;
			sourceTree = "<group>";
		};
		48FEBAD82BBF2BC200FEB64C /* App */ = {
			isa = PBXGroup;
			children = (
				48FEBAC42BBF2B2D00FEB64C /* AppDelegate.swift */,
				48FEBAC62BBF2B2D00FEB64C /* SceneDelegate.swift */,
				48FEBAD22BBF2B2F00FEB64C /* Info.plist */,
			);
			path = App;
			sourceTree = "<group>";
		};
		48FEBAD92BBF2BC900FEB64C /* ViewControllers */ = {
			isa = PBXGroup;
			children = (
				48FEBAC82BBF2B2D00FEB64C /* SpeedViewController.swift */,
				48BAC4F92BC2E42D00B50D4D /* SettingsViewController.swift */,
			);
			path = ViewControllers;
			sourceTree = "<group>";
		};
		48FEBADA2BBF2BD900FEB64C /* Storyboards */ = {
			isa = PBXGroup;
			children = (
				48FEBACA2BBF2B2D00FEB64C /* Main.storyboard */,
				48FEBACF2BBF2B2F00FEB64C /* LaunchScreen.storyboard */,
			);
			path = Storyboards;
			sourceTree = "<group>";
		};
		48FEBADB2BBF2F4900FEB64C /* Views */ = {
			isa = PBXGroup;
			children = (
				48FEBADC2BBF2F7500FEB64C /* RoundButton.swift */,
			);
			path = Views;
			sourceTree = "<group>";
		};
/* End PBXGroup section */

/* Begin PBXNativeTarget section */
		48FEBAC02BBF2B2D00FEB64C /* SpeedTestApp */ = {
			isa = PBXNativeTarget;
			buildConfigurationList = 48FEBAD52BBF2B2F00FEB64C /* Build configuration list for PBXNativeTarget "SpeedTestApp" */;
			buildPhases = (
				48FEBABD2BBF2B2D00FEB64C /* Sources */,
				48FEBABE2BBF2B2D00FEB64C /* Frameworks */,
				48FEBABF2BBF2B2D00FEB64C /* Resources */,
			);
			buildRules = (
			);
			dependencies = (
			);
			name = SpeedTestApp;
			packageProductDependencies = (
				48BAC4FC2BC311E000B50D4D /* Alamofire */,
				48BAC4FE2BC311E000B50D4D /* AlamofireDynamic */,
			);
			productName = SpeedTestApp;
			productReference = 48FEBAC12BBF2B2D00FEB64C /* SpeedTestApp.app */;
			productType = "com.apple.product-type.application";
		};
/* End PBXNativeTarget section */

/* Begin PBXProject section */
		48FEBAB92BBF2B2D00FEB64C /* Project object */ = {
			isa = PBXProject;
			attributes = {
				BuildIndependentTargetsInParallel = 1;
				LastSwiftUpdateCheck = 1520;
				LastUpgradeCheck = 1520;
				TargetAttributes = {
					48FEBAC02BBF2B2D00FEB64C = {
						CreatedOnToolsVersion = 15.2;
					};
				};
			};
			buildConfigurationList = 48FEBABC2BBF2B2D00FEB64C /* Build configuration list for PBXProject "SpeedTestApp" */;
			compatibilityVersion = "Xcode 14.0";
			developmentRegion = en;
			hasScannedForEncodings = 0;
			knownRegions = (
				en,
				Base,
			);
			mainGroup = 48FEBAB82BBF2B2D00FEB64C;
			packageReferences = (
				48BAC4FB2BC311E000B50D4D /* XCRemoteSwiftPackageReference "Alamofire" */,
			);
			productRefGroup = 48FEBAC22BBF2B2D00FEB64C /* Products */;
			projectDirPath = "";
			projectRoot = "";
			targets = (
				48FEBAC02BBF2B2D00FEB64C /* SpeedTestApp */,
			);
		};
/* End PBXProject section */

/* Begin PBXResourcesBuildPhase section */
		48FEBABF2BBF2B2D00FEB64C /* Resources */ = {
			isa = PBXResourcesBuildPhase;
			buildActionMask = 2147483647;
			files = (
				48FEBAD12BBF2B2F00FEB64C /* LaunchScreen.storyboard in Resources */,
				48FEBACE2BBF2B2F00FEB64C /* Assets.xcassets in Resources */,
				48FEBACC2BBF2B2D00FEB64C /* Main.storyboard in Resources */,
			);
			runOnlyForDeploymentPostprocessing = 0;
		};
/* End PBXResourcesBuildPhase section */

/* Begin PBXSourcesBuildPhase section */
		48FEBABD2BBF2B2D00FEB64C /* Sources */ = {
			isa = PBXSourcesBuildPhase;
			buildActionMask = 2147483647;
			files = (
				48BAC5022BC3164200B50D4D /* NetworkManager.swift in Sources */,
				48FEBAC92BBF2B2D00FEB64C /* SpeedViewController.swift in Sources */,
				48FEBAC52BBF2B2D00FEB64C /* AppDelegate.swift in Sources */,
				48FEBADD2BBF2F7500FEB64C /* RoundButton.swift in Sources */,
				488247482BC4570B003AD5F3 /* Extension + SpeedViewController.swift in Sources */,
				48BAC4FA2BC2E42D00B50D4D /* SettingsViewController.swift in Sources */,
				48FEBAC72BBF2B2D00FEB64C /* SceneDelegate.swift in Sources */,
			);
			runOnlyForDeploymentPostprocessing = 0;
		};
/* End PBXSourcesBuildPhase section */

/* Begin PBXVariantGroup section */
		48FEBACA2BBF2B2D00FEB64C /* Main.storyboard */ = {
			isa = PBXVariantGroup;
			children = (
				48FEBACB2BBF2B2D00FEB64C /* Base */,
			);
			name = Main.storyboard;
			sourceTree = "<group>";
		};
		48FEBACF2BBF2B2F00FEB64C /* LaunchScreen.storyboard */ = {
			isa = PBXVariantGroup;
			children = (
				48FEBAD02BBF2B2F00FEB64C /* Base */,
			);
			name = LaunchScreen.storyboard;
			sourceTree = "<group>";
		};
/* End PBXVariantGroup section */

/* Begin XCBuildConfiguration section */
		48FEBAD32BBF2B2F00FEB64C /* Debug */ = {
			isa = XCBuildConfiguration;
			buildSettings = {
				ALWAYS_SEARCH_USER_PATHS = NO;
				ASSETCATALOG_COMPILER_GENERATE_SWIFT_ASSET_SYMBOL_EXTENSIONS = YES;
				CLANG_ANALYZER_NONNULL = YES;
				CLANG_ANALYZER_NUMBER_OBJECT_CONVERSION = YES_AGGRESSIVE;
				CLANG_CXX_LANGUAGE_STANDARD = "gnu++20";
				CLANG_ENABLE_MODULES = YES;
				CLANG_ENABLE_OBJC_ARC = YES;
				CLANG_ENABLE_OBJC_WEAK = YES;
				CLANG_WARN_BLOCK_CAPTURE_AUTORELEASING = YES;
				CLANG_WARN_BOOL_CONVERSION = YES;
				CLANG_WARN_COMMA = YES;
				CLANG_WARN_CONSTANT_CONVERSION = YES;
				CLANG_WARN_DEPRECATED_OBJC_IMPLEMENTATIONS = YES;
				CLANG_WARN_DIRECT_OBJC_ISA_USAGE = YES_ERROR;
				CLANG_WARN_DOCUMENTATION_COMMENTS = YES;
				CLANG_WARN_EMPTY_BODY = YES;
				CLANG_WARN_ENUM_CONVERSION = YES;
				CLANG_WARN_INFINITE_RECURSION = YES;
				CLANG_WARN_INT_CONVERSION = YES;
				CLANG_WARN_NON_LITERAL_NULL_CONVERSION = YES;
				CLANG_WARN_OBJC_IMPLICIT_RETAIN_SELF = YES;
				CLANG_WARN_OBJC_LITERAL_CONVERSION = YES;
				CLANG_WARN_OBJC_ROOT_CLASS = YES_ERROR;
				CLANG_WARN_QUOTED_INCLUDE_IN_FRAMEWORK_HEADER = YES;
				CLANG_WARN_RANGE_LOOP_ANALYSIS = YES;
				CLANG_WARN_STRICT_PROTOTYPES = YES;
				CLANG_WARN_SUSPICIOUS_MOVE = YES;
				CLANG_WARN_UNGUARDED_AVAILABILITY = YES_AGGRESSIVE;
				CLANG_WARN_UNREACHABLE_CODE = YES;
				CLANG_WARN__DUPLICATE_METHOD_MATCH = YES;
				COPY_PHASE_STRIP = NO;
				DEBUG_INFORMATION_FORMAT = dwarf;
				ENABLE_STRICT_OBJC_MSGSEND = YES;
				ENABLE_TESTABILITY = YES;
				ENABLE_USER_SCRIPT_SANDBOXING = YES;
				GCC_C_LANGUAGE_STANDARD = gnu17;
				GCC_DYNAMIC_NO_PIC = NO;
				GCC_NO_COMMON_BLOCKS = YES;
				GCC_OPTIMIZATION_LEVEL = 0;
				GCC_PREPROCESSOR_DEFINITIONS = (
					"DEBUG=1",
					"$(inherited)",
				);
				GCC_WARN_64_TO_32_BIT_CONVERSION = YES;
				GCC_WARN_ABOUT_RETURN_TYPE = YES_ERROR;
				GCC_WARN_UNDECLARED_SELECTOR = YES;
				GCC_WARN_UNINITIALIZED_AUTOS = YES_AGGRESSIVE;
				GCC_WARN_UNUSED_FUNCTION = YES;
				GCC_WARN_UNUSED_VARIABLE = YES;
				IPHONEOS_DEPLOYMENT_TARGET = 17.2;
				LOCALIZATION_PREFERS_STRING_CATALOGS = YES;
				MTL_ENABLE_DEBUG_INFO = INCLUDE_SOURCE;
				MTL_FAST_MATH = YES;
				ONLY_ACTIVE_ARCH = YES;
				SDKROOT = iphoneos;
				SWIFT_ACTIVE_COMPILATION_CONDITIONS = "DEBUG $(inherited)";
				SWIFT_OPTIMIZATION_LEVEL = "-Onone";
			};
			name = Debug;
		};
		48FEBAD42BBF2B2F00FEB64C /* Release */ = {
			isa = XCBuildConfiguration;
			buildSettings = {
				ALWAYS_SEARCH_USER_PATHS = NO;
				ASSETCATALOG_COMPILER_GENERATE_SWIFT_ASSET_SYMBOL_EXTENSIONS = YES;
				CLANG_ANALYZER_NONNULL = YES;
				CLANG_ANALYZER_NUMBER_OBJECT_CONVERSION = YES_AGGRESSIVE;
				CLANG_CXX_LANGUAGE_STANDARD = "gnu++20";
				CLANG_ENABLE_MODULES = YES;
				CLANG_ENABLE_OBJC_ARC = YES;
				CLANG_ENABLE_OBJC_WEAK = YES;
				CLANG_WARN_BLOCK_CAPTURE_AUTORELEASING = YES;
				CLANG_WARN_BOOL_CONVERSION = YES;
				CLANG_WARN_COMMA = YES;
				CLANG_WARN_CONSTANT_CONVERSION = YES;
				CLANG_WARN_DEPRECATED_OBJC_IMPLEMENTATIONS = YES;
				CLANG_WARN_DIRECT_OBJC_ISA_USAGE = YES_ERROR;
				CLANG_WARN_DOCUMENTATION_COMMENTS = YES;
				CLANG_WARN_EMPTY_BODY = YES;
				CLANG_WARN_ENUM_CONVERSION = YES;
				CLANG_WARN_INFINITE_RECURSION = YES;
				CLANG_WARN_INT_CONVERSION = YES;
				CLANG_WARN_NON_LITERAL_NULL_CONVERSION = YES;
				CLANG_WARN_OBJC_IMPLICIT_RETAIN_SELF = YES;
				CLANG_WARN_OBJC_LITERAL_CONVERSION = YES;
				CLANG_WARN_OBJC_ROOT_CLASS = YES_ERROR;
				CLANG_WARN_QUOTED_INCLUDE_IN_FRAMEWORK_HEADER = YES;
				CLANG_WARN_RANGE_LOOP_ANALYSIS = YES;
				CLANG_WARN_STRICT_PROTOTYPES = YES;
				CLANG_WARN_SUSPICIOUS_MOVE = YES;
				CLANG_WARN_UNGUARDED_AVAILABILITY = YES_AGGRESSIVE;
				CLANG_WARN_UNREACHABLE_CODE = YES;
				CLANG_WARN__DUPLICATE_METHOD_MATCH = YES;
				COPY_PHASE_STRIP = NO;
				DEBUG_INFORMATION_FORMAT = "dwarf-with-dsym";
				ENABLE_NS_ASSERTIONS = NO;
				ENABLE_STRICT_OBJC_MSGSEND = YES;
				ENABLE_USER_SCRIPT_SANDBOXING = YES;
				GCC_C_LANGUAGE_STANDARD = gnu17;
				GCC_NO_COMMON_BLOCKS = YES;
				GCC_WARN_64_TO_32_BIT_CONVERSION = YES;
				GCC_WARN_ABOUT_RETURN_TYPE = YES_ERROR;
				GCC_WARN_UNDECLARED_SELECTOR = YES;
				GCC_WARN_UNINITIALIZED_AUTOS = YES_AGGRESSIVE;
				GCC_WARN_UNUSED_FUNCTION = YES;
				GCC_WARN_UNUSED_VARIABLE = YES;
				IPHONEOS_DEPLOYMENT_TARGET = 17.2;
				LOCALIZATION_PREFERS_STRING_CATALOGS = YES;
				MTL_ENABLE_DEBUG_INFO = NO;
				MTL_FAST_MATH = YES;
				SDKROOT = iphoneos;
				SWIFT_COMPILATION_MODE = wholemodule;
				VALIDATE_PRODUCT = YES;
			};
			name = Release;
		};
		48FEBAD62BBF2B2F00FEB64C /* Debug */ = {
			isa = XCBuildConfiguration;
			buildSettings = {
				ASSETCATALOG_COMPILER_APPICON_NAME = AppIcon;
				ASSETCATALOG_COMPILER_GLOBAL_ACCENT_COLOR_NAME = AccentColor;
				CODE_SIGN_STYLE = Automatic;
				CURRENT_PROJECT_VERSION = 1;
				GENERATE_INFOPLIST_FILE = YES;
				INFOPLIST_FILE = SpeedTestApp/App/Info.plist;
				INFOPLIST_KEY_UIApplicationSupportsIndirectInputEvents = YES;
				INFOPLIST_KEY_UILaunchStoryboardName = LaunchScreen;
				INFOPLIST_KEY_UIMainStoryboardFile = Main;
				INFOPLIST_KEY_UISupportedInterfaceOrientations = UIInterfaceOrientationPortrait;
				INFOPLIST_KEY_UISupportedInterfaceOrientations_iPad = "UIInterfaceOrientationLandscapeLeft UIInterfaceOrientationLandscapeRight UIInterfaceOrientationPortrait UIInterfaceOrientationPortraitUpsideDown";
				LD_RUNPATH_SEARCH_PATHS = (
					"$(inherited)",
					"@executable_path/Frameworks",
				);
				MARKETING_VERSION = 1.0;
				PRODUCT_BUNDLE_IDENTIFIER = utkina.SpeedTestApp;
				PRODUCT_NAME = "$(TARGET_NAME)";
				SUPPORTED_PLATFORMS = "iphoneos iphonesimulator";
				SUPPORTS_MACCATALYST = NO;
				SUPPORTS_MAC_DESIGNED_FOR_IPHONE_IPAD = NO;
				SUPPORTS_XR_DESIGNED_FOR_IPHONE_IPAD = NO;
				SWIFT_EMIT_LOC_STRINGS = YES;
				SWIFT_VERSION = 5.0;
				TARGETED_DEVICE_FAMILY = 1;
			};
			name = Debug;
		};
		48FEBAD72BBF2B2F00FEB64C /* Release */ = {
			isa = XCBuildConfiguration;
			buildSettings = {
				ASSETCATALOG_COMPILER_APPICON_NAME = AppIcon;
				ASSETCATALOG_COMPILER_GLOBAL_ACCENT_COLOR_NAME = AccentColor;
				CODE_SIGN_STYLE = Automatic;
				CURRENT_PROJECT_VERSION = 1;
				GENERATE_INFOPLIST_FILE = YES;
				INFOPLIST_FILE = SpeedTestApp/App/Info.plist;
				INFOPLIST_KEY_UIApplicationSupportsIndirectInputEvents = YES;
				INFOPLIST_KEY_UILaunchStoryboardName = LaunchScreen;
				INFOPLIST_KEY_UIMainStoryboardFile = Main;
				INFOPLIST_KEY_UISupportedInterfaceOrientations = UIInterfaceOrientationPortrait;
				INFOPLIST_KEY_UISupportedInterfaceOrientations_iPad = "UIInterfaceOrientationLandscapeLeft UIInterfaceOrientationLandscapeRight UIInterfaceOrientationPortrait UIInterfaceOrientationPortraitUpsideDown";
				LD_RUNPATH_SEARCH_PATHS = (
					"$(inherited)",
					"@executable_path/Frameworks",
				);
				MARKETING_VERSION = 1.0;
				PRODUCT_BUNDLE_IDENTIFIER = utkina.SpeedTestApp;
				PRODUCT_NAME = "$(TARGET_NAME)";
				SUPPORTED_PLATFORMS = "iphoneos iphonesimulator";
				SUPPORTS_MACCATALYST = NO;
				SUPPORTS_MAC_DESIGNED_FOR_IPHONE_IPAD = NO;
				SUPPORTS_XR_DESIGNED_FOR_IPHONE_IPAD = NO;
				SWIFT_EMIT_LOC_STRINGS = YES;
				SWIFT_VERSION = 5.0;
				TARGETED_DEVICE_FAMILY = 1;
			};
			name = Release;
		};
/* End XCBuildConfiguration section */

/* Begin XCConfigurationList section */
		48FEBABC2BBF2B2D00FEB64C /* Build configuration list for PBXProject "SpeedTestApp" */ = {
			isa = XCConfigurationList;
			buildConfigurations = (
				48FEBAD32BBF2B2F00FEB64C /* Debug */,
				48FEBAD42BBF2B2F00FEB64C /* Release */,
			);
			defaultConfigurationIsVisible = 0;
			defaultConfigurationName = Release;
		};
		48FEBAD52BBF2B2F00FEB64C /* Build configuration list for PBXNativeTarget "SpeedTestApp" */ = {
			isa = XCConfigurationList;
			buildConfigurations = (
				48FEBAD62BBF2B2F00FEB64C /* Debug */,
				48FEBAD72BBF2B2F00FEB64C /* Release */,
			);
			defaultConfigurationIsVisible = 0;
			defaultConfigurationName = Release;
		};
/* End XCConfigurationList section */

/* Begin XCRemoteSwiftPackageReference section */
		48BAC4FB2BC311E000B50D4D /* XCRemoteSwiftPackageReference "Alamofire" */ = {
			isa = XCRemoteSwiftPackageReference;
			repositoryURL = "https://github.com/Alamofire/Alamofire.git";
			requirement = {
				kind = upToNextMajorVersion;
				minimumVersion = 5.9.1;
			};
		};
/* End XCRemoteSwiftPackageReference section */

/* Begin XCSwiftPackageProductDependency section */
		48BAC4FC2BC311E000B50D4D /* Alamofire */ = {
			isa = XCSwiftPackageProductDependency;
			package = 48BAC4FB2BC311E000B50D4D /* XCRemoteSwiftPackageReference "Alamofire" */;
			productName = Alamofire;
		};
		48BAC4FE2BC311E000B50D4D /* AlamofireDynamic */ = {
			isa = XCSwiftPackageProductDependency;
			package = 48BAC4FB2BC311E000B50D4D /* XCRemoteSwiftPackageReference "Alamofire" */;
			productName = AlamofireDynamic;
		};
/* End XCSwiftPackageProductDependency section */
	};
	rootObject = 48FEBAB92BBF2B2D00FEB64C /* Project object */;
}
